
Microsoft Visual Studio Solution File, Format Version 12.00
# Visual Studio Version 17
VisualStudioVersion = 17.7.34024.191
MinimumVisualStudioVersion = 10.0.40219.1
Project("{FAE04EC0-301F-11D3-BF4B-00C04F79EFBC}") = "DeadTreeFinderV1", "DeadTreeFinderV1\DeadTreeFinderV1.csproj", "{96B04926-3EFF-419E-BC85-217D46370D47}"
EndProject
Global
	GlobalSection(SolutionConfigurationPlatforms) = preSolution
		Debug|Any CPU = Debug|Any CPU
		Release|Any CPU = Release|Any CPU
	EndGlobalSection
	GlobalSection(ProjectConfigurationPlatforms) = postSolution
		{96B04926-3EFF-419E-BC85-217D46370D47}.Debug|Any CPU.ActiveCfg = Debug|Any CPU
		{96B04926-3EFF-419E-BC85-217D46370D47}.Debug|Any CPU.Build.0 = Debug|Any CPU
		{96B04926-3EFF-419E-BC85-217D46370D47}.Release|Any CPU.ActiveCfg = Release|Any CPU
		{96B04926-3EFF-419E-BC85-217D46370D47}.Release|Any CPU.Build.0 = Release|Any CPU
	EndGlobalSection
	GlobalSection(SolutionProperties) = preSolution
		HideSolutionNode = FALSE
	EndGlobalSection
	GlobalSection(ExtensibilityGlobals) = postSolution
		SolutionGuid = {98315B80-745D-4A3B-82A8-C0111E85C894}
	EndGlobalSection
EndGlobal
